
Microsoft Visual Studio Solution File, Format Version 12.00
# Visual Studio Version 17
VisualStudioVersion = 17.11.35303.130
MinimumVisualStudioVersion = 10.0.40219.1
Project("{FAE04EC0-301F-11D3-BF4B-00C04F79EFBC}") = "VisualHtmlEditor", "VisualHtmlEditor.csproj", "{6E11F311-6684-4DFF-8532-53E4CB847F3C}"
EndProject
Global
	GlobalSection(SolutionConfigurationPlatforms) = preSolution
		Debug|Any CPU = Debug|Any CPU
		Release|Any CPU = Release|Any CPU
	EndGlobalSection
	GlobalSection(ProjectConfigurationPlatforms) = postSolution
		{6E11F311-6684-4DFF-8532-53E4CB847F3C}.Debug|Any CPU.ActiveCfg = Debug|Any CPU
		{6E11F311-6684-4DFF-8532-53E4CB847F3C}.Debug|Any CPU.Build.0 = Debug|Any CPU
		{6E11F311-6684-4DFF-8532-53E4CB847F3C}.Release|Any CPU.ActiveCfg = Release|Any CPU
		{6E11F311-6684-4DFF-8532-53E4CB847F3C}.Release|Any CPU.Build.0 = Release|Any CPU
	EndGlobalSection
	GlobalSection(SolutionProperties) = preSolution
		HideSolutionNode = FALSE
	EndGlobalSection
	GlobalSection(ExtensibilityGlobals) = postSolution
		SolutionGuid = {9EEC5603-7AFC-4834-9A54-7AA9EF9BD8D1}
	EndGlobalSection
EndGlobal
